
Microsoft Visual Studio Solution File, Format Version 12.00
# Visual Studio 15
VisualStudioVersion = 15.0.27428.2037
MinimumVisualStudioVersion = 10.0.40219.1
Project("{9A19103F-16F7-4668-BE54-9A1E7A4F7556}") = "FSS.WebApi", "FSS.WebApi\FSS.WebApi.csproj", "{F69B287B-F90A-4CE0-B1C7-C8ED739A9CFD}"
EndProject
Project("{FAE04EC0-301F-11D3-BF4B-00C04F79EFBC}") = "FSS.Data", "FSS.Data\FSS.Data.csproj", "{6D8158A0-C972-4795-8C38-0078D468B0E4}"
EndProject
Global
	GlobalSection(SolutionConfigurationPlatforms) = preSolution
		Debug|Any CPU = Debug|Any CPU
		Release|Any CPU = Release|Any CPU
	EndGlobalSection
	GlobalSection(ProjectConfigurationPlatforms) = postSolution
		{F69B287B-F90A-4CE0-B1C7-C8ED739A9CFD}.Debug|Any CPU.ActiveCfg = Debug|Any CPU
		{F69B287B-F90A-4CE0-B1C7-C8ED739A9CFD}.Debug|Any CPU.Build.0 = Debug|Any CPU
		{F69B287B-F90A-4CE0-B1C7-C8ED739A9CFD}.Release|Any CPU.ActiveCfg = Release|Any CPU
		{F69B287B-F90A-4CE0-B1C7-C8ED739A9CFD}.Release|Any CPU.Build.0 = Release|Any CPU
		{6D8158A0-C972-4795-8C38-0078D468B0E4}.Debug|Any CPU.ActiveCfg = Debug|Any CPU
		{6D8158A0-C972-4795-8C38-0078D468B0E4}.Debug|Any CPU.Build.0 = Debug|Any CPU
		{6D8158A0-C972-4795-8C38-0078D468B0E4}.Release|Any CPU.ActiveCfg = Release|Any CPU
		{6D8158A0-C972-4795-8C38-0078D468B0E4}.Release|Any CPU.Build.0 = Release|Any CPU
	EndGlobalSection
	GlobalSection(SolutionProperties) = preSolution
		HideSolutionNode = FALSE
	EndGlobalSection
	GlobalSection(ExtensibilityGlobals) = postSolution
		SolutionGuid = {0E7611B1-522E-4582-A131-DC67FACE7C4C}
	EndGlobalSection
EndGlobal
